
Microsoft Visual Studio Solution File, Format Version 12.00
# Visual Studio Version 16
VisualStudioVersion = 16.0.30309.148
MinimumVisualStudioVersion = 10.0.40219.1
Project("{FAE04EC0-301F-11D3-BF4B-00C04F79EFBC}") = "MAM.Console", "MAM.Console\MAM.Console.csproj", "{60B30331-DD74-43A9-B08B-D12B8CC6C1C7}"
EndProject
Global
	GlobalSection(SolutionConfigurationPlatforms) = preSolution
		Debug|Any CPU = Debug|Any CPU
		Release|Any CPU = Release|Any CPU
	EndGlobalSection
	GlobalSection(ProjectConfigurationPlatforms) = postSolution
		{60B30331-DD74-43A9-B08B-D12B8CC6C1C7}.Debug|Any CPU.ActiveCfg = Debug|Any CPU
		{60B30331-DD74-43A9-B08B-D12B8CC6C1C7}.Debug|Any CPU.Build.0 = Debug|Any CPU
		{60B30331-DD74-43A9-B08B-D12B8CC6C1C7}.Release|Any CPU.ActiveCfg = Release|Any CPU
		{60B30331-DD74-43A9-B08B-D12B8CC6C1C7}.Release|Any CPU.Build.0 = Release|Any CPU
	EndGlobalSection
	GlobalSection(SolutionProperties) = preSolution
		HideSolutionNode = FALSE
	EndGlobalSection
	GlobalSection(ExtensibilityGlobals) = postSolution
		SolutionGuid = {ACA82F21-8AE6-422F-A19D-E0C991410AA5}
	EndGlobalSection
EndGlobal
